
Microsoft Visual Studio Solution File, Format Version 12.00
# Visual Studio Version 17
VisualStudioVersion = 17.9.34902.65
MinimumVisualStudioVersion = 10.0.40219.1
Project("{9A19103F-16F7-4668-BE54-9A1E7A4F7556}") = "BeanJournal_BackEnd", "BeanJournal_BackEnd\BeanJournal_BackEnd.csproj", "{979BB529-D991-4E8D-BAA4-5F8D44E956EA}"
EndProject
Project("{9A19103F-16F7-4668-BE54-9A1E7A4F7556}") = "Entities", "Entities\Entities.csproj", "{5578936E-72C3-46E1-AE0C-ECED3C59CC2D}"
EndProject
Project("{9A19103F-16F7-4668-BE54-9A1E7A4F7556}") = "ServiceContracts", "ServiceContracts\ServiceContracts.csproj", "{39010A5A-DAEC-4D04-9061-E8444397650F}"
EndProject
Project("{9A19103F-16F7-4668-BE54-9A1E7A4F7556}") = "Services", "Services\Services.csproj", "{CE25B955-2790-4E18-A463-61F5D61B8741}"
EndProject
Project("{9A19103F-16F7-4668-BE54-9A1E7A4F7556}") = "Repositories", "Repositories\Repositories.csproj", "{78A34090-00F2-4F40-A7D6-2D6468A8A7E8}"
EndProject
Project("{9A19103F-16F7-4668-BE54-9A1E7A4F7556}") = "RepositoryContracts", "RepositoryContracts\RepositoryContracts.csproj", "{867C2264-2FFD-41F7-90E2-6FC63FF4010D}"
EndProject
Project("{2150E333-8FDC-42A3-9474-1A3956D46DE8}") = "Solution Items", "Solution Items", "{55882AEA-E439-4879-B0C9-C37B4E866D5D}"
	ProjectSection(SolutionItems) = preProject
		.editorconfig = .editorconfig
	EndProjectSection
EndProject
Project("{E53339B2-1760-4266-BCC7-CA923CBCF16C}") = "docker-compose", "docker-compose.dcproj", "{AB3CBC15-62EA-47D5-A79F-6F1316AD99DA}"
EndProject
Project("{FAE04EC0-301F-11D3-BF4B-00C04F79EFBC}") = "BeanJournal_BackEnd.Tests", "BeanJournal_BackEnd.Tests\BeanJournal_BackEnd.Tests.csproj", "{A23BBF5D-C8CD-4FD7-8E1A-38F565CB5306}"
EndProject
Global
	GlobalSection(SolutionConfigurationPlatforms) = preSolution
		Debug|Any CPU = Debug|Any CPU
		Release|Any CPU = Release|Any CPU
	EndGlobalSection
	GlobalSection(ProjectConfigurationPlatforms) = postSolution
		{979BB529-D991-4E8D-BAA4-5F8D44E956EA}.Debug|Any CPU.ActiveCfg = Debug|Any CPU
		{979BB529-D991-4E8D-BAA4-5F8D44E956EA}.Debug|Any CPU.Build.0 = Debug|Any CPU
		{979BB529-D991-4E8D-BAA4-5F8D44E956EA}.Release|Any CPU.ActiveCfg = Release|Any CPU
		{979BB529-D991-4E8D-BAA4-5F8D44E956EA}.Release|Any CPU.Build.0 = Release|Any CPU
		{5578936E-72C3-46E1-AE0C-ECED3C59CC2D}.Debug|Any CPU.ActiveCfg = Debug|Any CPU
		{5578936E-72C3-46E1-AE0C-ECED3C59CC2D}.Debug|Any CPU.Build.0 = Debug|Any CPU
		{5578936E-72C3-46E1-AE0C-ECED3C59CC2D}.Release|Any CPU.ActiveCfg = Release|Any CPU
		{5578936E-72C3-46E1-AE0C-ECED3C59CC2D}.Release|Any CPU.Build.0 = Release|Any CPU
		{39010A5A-DAEC-4D04-9061-E8444397650F}.Debug|Any CPU.ActiveCfg = Debug|Any CPU
		{39010A5A-DAEC-4D04-9061-E8444397650F}.Debug|Any CPU.Build.0 = Debug|Any CPU
		{39010A5A-DAEC-4D04-9061-E8444397650F}.Release|Any CPU.ActiveCfg = Release|Any CPU
		{39010A5A-DAEC-4D04-9061-E8444397650F}.Release|Any CPU.Build.0 = Release|Any CPU
		{CE25B955-2790-4E18-A463-61F5D61B8741}.Debug|Any CPU.ActiveCfg = Debug|Any CPU
		{CE25B955-2790-4E18-A463-61F5D61B8741}.Debug|Any CPU.Build.0 = Debug|Any CPU
		{CE25B955-2790-4E18-A463-61F5D61B8741}.Release|Any CPU.ActiveCfg = Release|Any CPU
		{CE25B955-2790-4E18-A463-61F5D61B8741}.Release|Any CPU.Build.0 = Release|Any CPU
		{78A34090-00F2-4F40-A7D6-2D6468A8A7E8}.Debug|Any CPU.ActiveCfg = Debug|Any CPU
		{78A34090-00F2-4F40-A7D6-2D6468A8A7E8}.Debug|Any CPU.Build.0 = Debug|Any CPU
		{78A34090-00F2-4F40-A7D6-2D6468A8A7E8}.Release|Any CPU.ActiveCfg = Release|Any CPU
		{78A34090-00F2-4F40-A7D6-2D6468A8A7E8}.Release|Any CPU.Build.0 = Release|Any CPU
		{867C2264-2FFD-41F7-90E2-6FC63FF4010D}.Debug|Any CPU.ActiveCfg = Debug|Any CPU
		{867C2264-2FFD-41F7-90E2-6FC63FF4010D}.Debug|Any CPU.Build.0 = Debug|Any CPU
		{867C2264-2FFD-41F7-90E2-6FC63FF4010D}.Release|Any CPU.ActiveCfg = Release|Any CPU
		{867C2264-2FFD-41F7-90E2-6FC63FF4010D}.Release|Any CPU.Build.0 = Release|Any CPU
		{AB3CBC15-62EA-47D5-A79F-6F1316AD99DA}.Debug|Any CPU.ActiveCfg = Debug|Any CPU
		{AB3CBC15-62EA-47D5-A79F-6F1316AD99DA}.Debug|Any CPU.Build.0 = Debug|Any CPU
		{AB3CBC15-62EA-47D5-A79F-6F1316AD99DA}.Release|Any CPU.ActiveCfg = Release|Any CPU
		{AB3CBC15-62EA-47D5-A79F-6F1316AD99DA}.Release|Any CPU.Build.0 = Release|Any CPU
		{A23BBF5D-C8CD-4FD7-8E1A-38F565CB5306}.Debug|Any CPU.ActiveCfg = Debug|Any CPU
		{A23BBF5D-C8CD-4FD7-8E1A-38F565CB5306}.Debug|Any CPU.Build.0 = Debug|Any CPU
		{A23BBF5D-C8CD-4FD7-8E1A-38F565CB5306}.Release|Any CPU.ActiveCfg = Release|Any CPU
		{A23BBF5D-C8CD-4FD7-8E1A-38F565CB5306}.Release|Any CPU.Build.0 = Release|Any CPU
	EndGlobalSection
	GlobalSection(SolutionProperties) = preSolution
		HideSolutionNode = FALSE
	EndGlobalSection
	GlobalSection(ExtensibilityGlobals) = postSolution
		SolutionGuid = {0F407DB5-DC91-4930-BD7D-808F91332AA1}
	EndGlobalSection
EndGlobal
